// !$*UTF8*$!
{
	archiveVersion = 1;
	classes = {
	};
	objectVersion = 50;
	objects = {

/* Begin PBXBuildFile section */
		334EFD9A23E6ECBF001B375D /* CoreDataController.swift in Sources */ = {isa = PBXBuildFile; fileRef = 334EFD9923E6ECBF001B375D /* CoreDataController.swift */; };
		336DB96D23DC62B200452B0A /* AddNewMemoViewController.swift in Sources */ = {isa = PBXBuildFile; fileRef = 336DB96C23DC62B200452B0A /* AddNewMemoViewController.swift */; };
		336DB96F23DC634600452B0A /* AddNewMemo.storyboard in Resources */ = {isa = PBXBuildFile; fileRef = 336DB96E23DC634600452B0A /* AddNewMemo.storyboard */; };
		33B7B38E23DBEDAC00D55139 /* TopMemoListTableViewCell.swift in Sources */ = {isa = PBXBuildFile; fileRef = 33B7B38D23DBEDAC00D55139 /* TopMemoListTableViewCell.swift */; };
		33B7B39023DBF5C000D55139 /* DetailMemoViewController.swift in Sources */ = {isa = PBXBuildFile; fileRef = 33B7B38F23DBF5C000D55139 /* DetailMemoViewController.swift */; };
		33B7B39323DBFAA300D55139 /* MemoContainerModel.swift in Sources */ = {isa = PBXBuildFile; fileRef = 33B7B39223DBFAA300D55139 /* MemoContainerModel.swift */; };
		33CA974123DBD837000DE5CC /* AppDelegate.swift in Sources */ = {isa = PBXBuildFile; fileRef = 33CA974023DBD837000DE5CC /* AppDelegate.swift */; };
		33CA974323DBD837000DE5CC /* SceneDelegate.swift in Sources */ = {isa = PBXBuildFile; fileRef = 33CA974223DBD837000DE5CC /* SceneDelegate.swift */; };
		33CA974523DBD837000DE5CC /* TopMemoListViewController.swift in Sources */ = {isa = PBXBuildFile; fileRef = 33CA974423DBD837000DE5CC /* TopMemoListViewController.swift */; };
		33CA974823DBD837000DE5CC /* Main.storyboard in Resources */ = {isa = PBXBuildFile; fileRef = 33CA974623DBD837000DE5CC /* Main.storyboard */; };
		33CA974B23DBD837000DE5CC /* MemoApplication.xcdatamodeld in Sources */ = {isa = PBXBuildFile; fileRef = 33CA974923DBD837000DE5CC /* MemoApplication.xcdatamodeld */; };
		33CA974D23DBD838000DE5CC /* Assets.xcassets in Resources */ = {isa = PBXBuildFile; fileRef = 33CA974C23DBD838000DE5CC /* Assets.xcassets */; };
		33CA975023DBD838000DE5CC /* LaunchScreen.storyboard in Resources */ = {isa = PBXBuildFile; fileRef = 33CA974E23DBD838000DE5CC /* LaunchScreen.storyboard */; };
		33CA975A23DBDB23000DE5CC /* DetailMemo.storyboard in Resources */ = {isa = PBXBuildFile; fileRef = 33CA975923DBDB23000DE5CC /* DetailMemo.storyboard */; };
/* End PBXBuildFile section */

/* Begin PBXFileReference section */
		334EFD9923E6ECBF001B375D /* CoreDataController.swift */ = {isa = PBXFileReference; lastKnownFileType = sourcecode.swift; path = CoreDataController.swift; sourceTree = "<group>"; };
		336DB96C23DC62B200452B0A /* AddNewMemoViewController.swift */ = {isa = PBXFileReference; lastKnownFileType = sourcecode.swift; path = AddNewMemoViewController.swift; sourceTree = "<group>"; };
		336DB96E23DC634600452B0A /* AddNewMemo.storyboard */ = {isa = PBXFileReference; lastKnownFileType = file.storyboard; path = AddNewMemo.storyboard; sourceTree = "<group>"; };
		33866B3123EFF98200CD1580 /* RxSwift.framework */ = {isa = PBXFileReference; lastKnownFileType = wrapper.framework; name = RxSwift.framework; path = Carthage/Build/iOS/RxSwift.framework; sourceTree = "<group>"; };
		33866B3523EFF99F00CD1580 /* iOS */ = {isa = PBXFileReference; lastKnownFileType = folder; name = iOS; path = Carthage/Build/iOS; sourceTree = "<group>"; };
		33866B3623EFF9AD00CD1580 /* RxCocoa.framework */ = {isa = PBXFileReference; lastKnownFileType = wrapper.framework; name = RxCocoa.framework; path = Carthage/Build/iOS/RxCocoa.framework; sourceTree = "<group>"; };
		33B7B38D23DBEDAC00D55139 /* TopMemoListTableViewCell.swift */ = {isa = PBXFileReference; lastKnownFileType = sourcecode.swift; path = TopMemoListTableViewCell.swift; sourceTree = "<group>"; };
		33B7B38F23DBF5C000D55139 /* DetailMemoViewController.swift */ = {isa = PBXFileReference; lastKnownFileType = sourcecode.swift; path = DetailMemoViewController.swift; sourceTree = "<group>"; };
		33B7B39223DBFAA300D55139 /* MemoContainerModel.swift */ = {isa = PBXFileReference; lastKnownFileType = sourcecode.swift; path = MemoContainerModel.swift; sourceTree = "<group>"; };
		33CA973D23DBD837000DE5CC /* MemoApplication.app */ = {isa = PBXFileReference; explicitFileType = wrapper.application; includeInIndex = 0; path = MemoApplication.app; sourceTree = BUILT_PRODUCTS_DIR; };
		33CA974023DBD837000DE5CC /* AppDelegate.swift */ = {isa = PBXFileReference; lastKnownFileType = sourcecode.swift; path = AppDelegate.swift; sourceTree = "<group>"; };
		33CA974223DBD837000DE5CC /* SceneDelegate.swift */ = {isa = PBXFileReference; lastKnownFileType = sourcecode.swift; path = SceneDelegate.swift; sourceTree = "<group>"; };
		33CA974423DBD837000DE5CC /* TopMemoListViewController.swift */ = {isa = PBXFileReference; lastKnownFileType = sourcecode.swift; path = TopMemoListViewController.swift; sourceTree = "<group>"; };
		33CA974723DBD837000DE5CC /* Base */ = {isa = PBXFileReference; lastKnownFileType = file.storyboard; name = Base; path = Base.lproj/Main.storyboard; sourceTree = "<group>"; };
		33CA974A23DBD837000DE5CC /* MemoApplication.xcdatamodel */ = {isa = PBXFileReference; lastKnownFileType = wrapper.xcdatamodel; path = MemoApplication.xcdatamodel; sourceTree = "<group>"; };
		33CA974C23DBD838000DE5CC /* Assets.xcassets */ = {isa = PBXFileReference; lastKnownFileType = folder.assetcatalog; path = Assets.xcassets; sourceTree = "<group>"; };
		33CA974F23DBD838000DE5CC /* Base */ = {isa = PBXFileReference; lastKnownFileType = file.storyboard; name = Base; path = Base.lproj/LaunchScreen.storyboard; sourceTree = "<group>"; };
		33CA975123DBD838000DE5CC /* Info.plist */ = {isa = PBXFileReference; lastKnownFileType = text.plist.xml; path = Info.plist; sourceTree = "<group>"; };
		33CA975923DBDB23000DE5CC /* DetailMemo.storyboard */ = {isa = PBXFileReference; lastKnownFileType = file.storyboard; path = DetailMemo.storyboard; sourceTree = "<group>"; };
/* End PBXFileReference section */

/* Begin PBXFrameworksBuildPhase section */
		33CA973A23DBD837000DE5CC /* Frameworks */ = {
			isa = PBXFrameworksBuildPhase;
			buildActionMask = 2147483647;
			files = (
			);
			runOnlyForDeploymentPostprocessing = 0;
		};
/* End PBXFrameworksBuildPhase section */

/* Begin PBXGroup section */
		336DB96B23DC624200452B0A /* AddNewMemo */ = {
			isa = PBXGroup;
			children = (
				336DB96C23DC62B200452B0A /* AddNewMemoViewController.swift */,
				336DB96E23DC634600452B0A /* AddNewMemo.storyboard */,
			);
			path = AddNewMemo;
			sourceTree = "<group>";
		};
		33866B3023EFF98200CD1580 /* Frameworks */ = {
			isa = PBXGroup;
			children = (
				33866B3623EFF9AD00CD1580 /* RxCocoa.framework */,
				33866B3523EFF99F00CD1580 /* iOS */,
				33866B3123EFF98200CD1580 /* RxSwift.framework */,
			);
			name = Frameworks;
			sourceTree = "<group>";
		};
		33B7B39123DBFA3400D55139 /* Model */ = {
			isa = PBXGroup;
			children = (
				33B7B39223DBFAA300D55139 /* MemoContainerModel.swift */,
				334EFD9923E6ECBF001B375D /* CoreDataController.swift */,
			);
			path = Model;
			sourceTree = "<group>";
		};
		33CA973423DBD837000DE5CC = {
			isa = PBXGroup;
			children = (
				33CA973F23DBD837000DE5CC /* MemoApplication */,
				33CA973E23DBD837000DE5CC /* Products */,
				33866B3023EFF98200CD1580 /* Frameworks */,
			);
			sourceTree = "<group>";
		};
		33CA973E23DBD837000DE5CC /* Products */ = {
			isa = PBXGroup;
			children = (
				33CA973D23DBD837000DE5CC /* MemoApplication.app */,
			);
			name = Products;
			sourceTree = "<group>";
		};
		33CA973F23DBD837000DE5CC /* MemoApplication */ = {
			isa = PBXGroup;
			children = (
				33CA974023DBD837000DE5CC /* AppDelegate.swift */,
				33CA974223DBD837000DE5CC /* SceneDelegate.swift */,
				33CA974C23DBD838000DE5CC /* Assets.xcassets */,
				33CA974E23DBD838000DE5CC /* LaunchScreen.storyboard */,
				33CA975123DBD838000DE5CC /* Info.plist */,
				33CA974923DBD837000DE5CC /* MemoApplication.xcdatamodeld */,
				33B7B39123DBFA3400D55139 /* Model */,
				33CA975723DBD8E0000DE5CC /* TopMemoList */,
				33CA975823DBDAC3000DE5CC /* DetailMemo */,
				336DB96B23DC624200452B0A /* AddNewMemo */,
			);
			path = MemoApplication;
			sourceTree = "<group>";
		};
		33CA975723DBD8E0000DE5CC /* TopMemoList */ = {
			isa = PBXGroup;
			children = (
				33CA974623DBD837000DE5CC /* Main.storyboard */,
				33CA974423DBD837000DE5CC /* TopMemoListViewController.swift */,
				33B7B38D23DBEDAC00D55139 /* TopMemoListTableViewCell.swift */,
			);
			path = TopMemoList;
			sourceTree = "<group>";
		};
		33CA975823DBDAC3000DE5CC /* DetailMemo */ = {
			isa = PBXGroup;
			children = (
				33CA975923DBDB23000DE5CC /* DetailMemo.storyboard */,
				33B7B38F23DBF5C000D55139 /* DetailMemoViewController.swift */,
			);
			path = DetailMemo;
			sourceTree = "<group>";
		};
/* End PBXGroup section */

/* Begin PBXNativeTarget section */
		33CA973C23DBD837000DE5CC /* MemoApplication */ = {
			isa = PBXNativeTarget;
			buildConfigurationList = 33CA975423DBD838000DE5CC /* Build configuration list for PBXNativeTarget "MemoApplication" */;
			buildPhases = (
				33CA973923DBD837000DE5CC /* Sources */,
				33CA973A23DBD837000DE5CC /* Frameworks */,
				33CA973B23DBD837000DE5CC /* Resources */,
				33866B2F23EFF94300CD1580 /* ShellScript */,
			);
			buildRules = (
			);
			dependencies = (
			);
			name = MemoApplication;
			productName = MemoApplication;
			productReference = 33CA973D23DBD837000DE5CC /* MemoApplication.app */;
			productType = "com.apple.product-type.application";
		};
/* End PBXNativeTarget section */

/* Begin PBXProject section */
		33CA973523DBD837000DE5CC /* Project object */ = {
			isa = PBXProject;
			attributes = {
				LastSwiftUpdateCheck = 1130;
				LastUpgradeCheck = 1130;
				ORGANIZATIONNAME = JAPANMAN;
				TargetAttributes = {
					33CA973C23DBD837000DE5CC = {
						CreatedOnToolsVersion = 11.3.1;
					};
				};
			};
			buildConfigurationList = 33CA973823DBD837000DE5CC /* Build configuration list for PBXProject "MemoApplication" */;
			compatibilityVersion = "Xcode 9.3";
			developmentRegion = en;
			hasScannedForEncodings = 0;
			knownRegions = (
				en,
				Base,
			);
			mainGroup = 33CA973423DBD837000DE5CC;
			productRefGroup = 33CA973E23DBD837000DE5CC /* Products */;
			projectDirPath = "";
			projectRoot = "";
			targets = (
				33CA973C23DBD837000DE5CC /* MemoApplication */,
			);
		};
/* End PBXProject section */

/* Begin PBXResourcesBuildPhase section */
		33CA973B23DBD837000DE5CC /* Resources */ = {
			isa = PBXResourcesBuildPhase;
			buildActionMask = 2147483647;
			files = (
				33CA975023DBD838000DE5CC /* LaunchScreen.storyboard in Resources */,
				33CA974D23DBD838000DE5CC /* Assets.xcassets in Resources */,
				33CA975A23DBDB23000DE5CC /* DetailMemo.storyboard in Resources */,
				33CA974823DBD837000DE5CC /* Main.storyboard in Resources */,
				336DB96F23DC634600452B0A /* AddNewMemo.storyboard in Resources */,
			);
			runOnlyForDeploymentPostprocessing = 0;
		};
/* End PBXResourcesBuildPhase section */

/* Begin PBXShellScriptBuildPhase section */
		33866B2F23EFF94300CD1580 /* ShellScript */ = {
			isa = PBXShellScriptBuildPhase;
			buildActionMask = 2147483647;
			files = (
			);
			inputFileListPaths = (
			);
			inputPaths = (
			);
			outputFileListPaths = (
			);
			outputPaths = (
			);
			runOnlyForDeploymentPostprocessing = 0;
			shellPath = /bin/sh;
			shellScript = "# Type a script or drag a script file from your workspace to insert its path.\n/usr/local/bin/carthage copy-frameworks\n";
		};
/* End PBXShellScriptBuildPhase section */

/* Begin PBXSourcesBuildPhase section */
		33CA973923DBD837000DE5CC /* Sources */ = {
			isa = PBXSourcesBuildPhase;
			buildActionMask = 2147483647;
			files = (
				33CA974523DBD837000DE5CC /* TopMemoListViewController.swift in Sources */,
				336DB96D23DC62B200452B0A /* AddNewMemoViewController.swift in Sources */,
				33CA974123DBD837000DE5CC /* AppDelegate.swift in Sources */,
				33CA974B23DBD837000DE5CC /* MemoApplication.xcdatamodeld in Sources */,
				33B7B39023DBF5C000D55139 /* DetailMemoViewController.swift in Sources */,
				334EFD9A23E6ECBF001B375D /* CoreDataController.swift in Sources */,
				33B7B38E23DBEDAC00D55139 /* TopMemoListTableViewCell.swift in Sources */,
				33B7B39323DBFAA300D55139 /* MemoContainerModel.swift in Sources */,
				33CA974323DBD837000DE5CC /* SceneDelegate.swift in Sources */,
			);
			runOnlyForDeploymentPostprocessing = 0;
		};
/* End PBXSourcesBuildPhase section */

/* Begin PBXVariantGroup section */
		33CA974623DBD837000DE5CC /* Main.storyboard */ = {
			isa = PBXVariantGroup;
			children = (
				33CA974723DBD837000DE5CC /* Base */,
			);
			name = Main.storyboard;
			sourceTree = "<group>";
		};
		33CA974E23DBD838000DE5CC /* LaunchScreen.storyboard */ = {
			isa = PBXVariantGroup;
			children = (
				33CA974F23DBD838000DE5CC /* Base */,
			);
			name = LaunchScreen.storyboard;
			sourceTree = "<group>";
		};
/* End PBXVariantGroup section */

/* Begin XCBuildConfiguration section */
		33CA975223DBD838000DE5CC /* Debug */ = {
			isa = XCBuildConfiguration;
			buildSettings = {
				ALWAYS_SEARCH_USER_PATHS = NO;
				CLANG_ANALYZER_NONNULL = YES;
				CLANG_ANALYZER_NUMBER_OBJECT_CONVERSION = YES_AGGRESSIVE;
				CLANG_CXX_LANGUAGE_STANDARD = "gnu++14";
				CLANG_CXX_LIBRARY = "libc++";
				CLANG_ENABLE_MODULES = YES;
				CLANG_ENABLE_OBJC_ARC = YES;
				CLANG_ENABLE_OBJC_WEAK = YES;
				CLANG_WARN_BLOCK_CAPTURE_AUTORELEASING = YES;
				CLANG_WARN_BOOL_CONVERSION = YES;
				CLANG_WARN_COMMA = YES;
				CLANG_WARN_CONSTANT_CONVERSION = YES;
				CLANG_WARN_DEPRECATED_OBJC_IMPLEMENTATIONS = YES;
				CLANG_WARN_DIRECT_OBJC_ISA_USAGE = YES_ERROR;
				CLANG_WARN_DOCUMENTATION_COMMENTS = YES;
				CLANG_WARN_EMPTY_BODY = YES;
				CLANG_WARN_ENUM_CONVERSION = YES;
				CLANG_WARN_INFINITE_RECURSION = YES;
				CLANG_WARN_INT_CONVERSION = YES;
				CLANG_WARN_NON_LITERAL_NULL_CONVERSION = YES;
				CLANG_WARN_OBJC_IMPLICIT_RETAIN_SELF = YES;
				CLANG_WARN_OBJC_LITERAL_CONVERSION = YES;
				CLANG_WARN_OBJC_ROOT_CLASS = YES_ERROR;
				CLANG_WARN_RANGE_LOOP_ANALYSIS = YES;
				CLANG_WARN_STRICT_PROTOTYPES = YES;
				CLANG_WARN_SUSPICIOUS_MOVE = YES;
				CLANG_WARN_UNGUARDED_AVAILABILITY = YES_AGGRESSIVE;
				CLANG_WARN_UNREACHABLE_CODE = YES;
				CLANG_WARN__DUPLICATE_METHOD_MATCH = YES;
				COPY_PHASE_STRIP = NO;
				DEBUG_INFORMATION_FORMAT = dwarf;
				ENABLE_STRICT_OBJC_MSGSEND = YES;
				ENABLE_TESTABILITY = YES;
				GCC_C_LANGUAGE_STANDARD = gnu11;
				GCC_DYNAMIC_NO_PIC = NO;
				GCC_NO_COMMON_BLOCKS = YES;
				GCC_OPTIMIZATION_LEVEL = 0;
				GCC_PREPROCESSOR_DEFINITIONS = (
					"DEBUG=1",
					"$(inherited)",
				);
				GCC_WARN_64_TO_32_BIT_CONVERSION = YES;
				GCC_WARN_ABOUT_RETURN_TYPE = YES_ERROR;
				GCC_WARN_UNDECLARED_SELECTOR = YES;
				GCC_WARN_UNINITIALIZED_AUTOS = YES_AGGRESSIVE;
				GCC_WARN_UNUSED_FUNCTION = YES;
				GCC_WARN_UNUSED_VARIABLE = YES;
				IPHONEOS_DEPLOYMENT_TARGET = 13.2;
				MTL_ENABLE_DEBUG_INFO = INCLUDE_SOURCE;
				MTL_FAST_MATH = YES;
				ONLY_ACTIVE_ARCH = YES;
				SDKROOT = iphoneos;
				SWIFT_ACTIVE_COMPILATION_CONDITIONS = DEBUG;
				SWIFT_OPTIMIZATION_LEVEL = "-Onone";
			};
			name = Debug;
		};
		33CA975323DBD838000DE5CC /* Release */ = {
			isa = XCBuildConfiguration;
			buildSettings = {
				ALWAYS_SEARCH_USER_PATHS = NO;
				CLANG_ANALYZER_NONNULL = YES;
				CLANG_ANALYZER_NUMBER_OBJECT_CONVERSION = YES_AGGRESSIVE;
				CLANG_CXX_LANGUAGE_STANDARD = "gnu++14";
				CLANG_CXX_LIBRARY = "libc++";
				CLANG_ENABLE_MODULES = YES;
				CLANG_ENABLE_OBJC_ARC = YES;
				CLANG_ENABLE_OBJC_WEAK = YES;
				CLANG_WARN_BLOCK_CAPTURE_AUTORELEASING = YES;
				CLANG_WARN_BOOL_CONVERSION = YES;
				CLANG_WARN_COMMA = YES;
				CLANG_WARN_CONSTANT_CONVERSION = YES;
				CLANG_WARN_DEPRECATED_OBJC_IMPLEMENTATIONS = YES;
				CLANG_WARN_DIRECT_OBJC_ISA_USAGE = YES_ERROR;
				CLANG_WARN_DOCUMENTATION_COMMENTS = YES;
				CLANG_WARN_EMPTY_BODY = YES;
				CLANG_WARN_ENUM_CONVERSION = YES;
				CLANG_WARN_INFINITE_RECURSION = YES;
				CLANG_WARN_INT_CONVERSION = YES;
				CLANG_WARN_NON_LITERAL_NULL_CONVERSION = YES;
				CLANG_WARN_OBJC_IMPLICIT_RETAIN_SELF = YES;
				CLANG_WARN_OBJC_LITERAL_CONVERSION = YES;
				CLANG_WARN_OBJC_ROOT_CLASS = YES_ERROR;
				CLANG_WARN_RANGE_LOOP_ANALYSIS = YES;
				CLANG_WARN_STRICT_PROTOTYPES = YES;
				CLANG_WARN_SUSPICIOUS_MOVE = YES;
				CLANG_WARN_UNGUARDED_AVAILABILITY = YES_AGGRESSIVE;
				CLANG_WARN_UNREACHABLE_CODE = YES;
				CLANG_WARN__DUPLICATE_METHOD_MATCH = YES;
				COPY_PHASE_STRIP = NO;
				DEBUG_INFORMATION_FORMAT = "dwarf-with-dsym";
				ENABLE_NS_ASSERTIONS = NO;
				ENABLE_STRICT_OBJC_MSGSEND = YES;
				GCC_C_LANGUAGE_STANDARD = gnu11;
				GCC_NO_COMMON_BLOCKS = YES;
				GCC_WARN_64_TO_32_BIT_CONVERSION = YES;
				GCC_WARN_ABOUT_RETURN_TYPE = YES_ERROR;
				GCC_WARN_UNDECLARED_SELECTOR = YES;
				GCC_WARN_UNINITIALIZED_AUTOS = YES_AGGRESSIVE;
				GCC_WARN_UNUSED_FUNCTION = YES;
				GCC_WARN_UNUSED_VARIABLE = YES;
				IPHONEOS_DEPLOYMENT_TARGET = 13.2;
				MTL_ENABLE_DEBUG_INFO = NO;
				MTL_FAST_MATH = YES;
				SDKROOT = iphoneos;
				SWIFT_COMPILATION_MODE = wholemodule;
				SWIFT_OPTIMIZATION_LEVEL = "-O";
				VALIDATE_PRODUCT = YES;
			};
			name = Release;
		};
		33CA975523DBD838000DE5CC /* Debug */ = {
			isa = XCBuildConfiguration;
			buildSettings = {
				ASSETCATALOG_COMPILER_APPICON_NAME = AppIcon;
				CODE_SIGN_STYLE = Automatic;
				DEVELOPMENT_TEAM = VA4LJMUZX3;
				FRAMEWORK_SEARCH_PATHS = (
					"$(inherited)",
					"$(PROJECT_DIR)/Carthage/Build/iOS",
				);
				INFOPLIST_FILE = MemoApplication/Info.plist;
				LD_RUNPATH_SEARCH_PATHS = (
					"$(inherited)",
					"@loader_path/../Frameworks/",
				);
				PRODUCT_BUNDLE_IDENTIFIER = com.example.MemoApplication;
				PRODUCT_NAME = "$(TARGET_NAME)";
				SWIFT_VERSION = 5.0;
				TARGETED_DEVICE_FAMILY = "1,2";
			};
			name = Debug;
		};
		33CA975623DBD838000DE5CC /* Release */ = {
			isa = XCBuildConfiguration;
			buildSettings = {
				ASSETCATALOG_COMPILER_APPICON_NAME = AppIcon;
				CODE_SIGN_STYLE = Automatic;
				DEVELOPMENT_TEAM = VA4LJMUZX3;
				FRAMEWORK_SEARCH_PATHS = (
					"$(inherited)",
					"$(PROJECT_DIR)/Carthage/Build/iOS",
				);
				INFOPLIST_FILE = MemoApplication/Info.plist;
				LD_RUNPATH_SEARCH_PATHS = (
					"$(inherited)",
					"@loader_path/../Frameworks/",
				);
				PRODUCT_BUNDLE_IDENTIFIER = com.example.MemoApplication;
				PRODUCT_NAME = "$(TARGET_NAME)";
				SWIFT_VERSION = 5.0;
				TARGETED_DEVICE_FAMILY = "1,2";
			};
			name = Release;
		};
/* End XCBuildConfiguration section */

/* Begin XCConfigurationList section */
		33CA973823DBD837000DE5CC /* Build configuration list for PBXProject "MemoApplication" */ = {
			isa = XCConfigurationList;
			buildConfigurations = (
				33CA975223DBD838000DE5CC /* Debug */,
				33CA975323DBD838000DE5CC /* Release */,
			);
			defaultConfigurationIsVisible = 0;
			defaultConfigurationName = Release;
		};
		33CA975423DBD838000DE5CC /* Build configuration list for PBXNativeTarget "MemoApplication" */ = {
			isa = XCConfigurationList;
			buildConfigurations = (
				33CA975523DBD838000DE5CC /* Debug */,
				33CA975623DBD838000DE5CC /* Release */,
			);
			defaultConfigurationIsVisible = 0;
			defaultConfigurationName = Release;
		};
/* End XCConfigurationList section */

/* Begin XCVersionGroup section */
		33CA974923DBD837000DE5CC /* MemoApplication.xcdatamodeld */ = {
			isa = XCVersionGroup;
			children = (
				33CA974A23DBD837000DE5CC /* MemoApplication.xcdatamodel */,
			);
			currentVersion = 33CA974A23DBD837000DE5CC /* MemoApplication.xcdatamodel */;
			path = MemoApplication.xcdatamodeld;
			sourceTree = "<group>";
			versionGroupType = wrapper.xcdatamodel;
		};
/* End XCVersionGroup section */
	};
	rootObject = 33CA973523DBD837000DE5CC /* Project object */;
}
